
Microsoft Visual Studio Solution File, Format Version 12.00
Project("{FAE04EC0-301F-11D3-BF4B-00C04F79EFBC}") = "PhotoHorizon.Api", "src\PhotoHorizon.Api\PhotoHorizon.Api.csproj", "{FCD698F1-CBDA-4BF2-99EA-BC5B79052714}"
EndProject
Project("{FAE04EC0-301F-11D3-BF4B-00C04F79EFBC}") = "PhotoHorizon.Application", "src\PhotoHorizon.Application\PhotoHorizon.Application.csproj", "{24743635-DF55-45B0-A0D3-A514DD1E664A}"
EndProject
Project("{FAE04EC0-301F-11D3-BF4B-00C04F79EFBC}") = "PhotoHorizon.Infrastructure", "src\PhotoHorizon.Infrastructure\PhotoHorizon.Infrastructure.csproj", "{CC89A888-2F4B-4F48-A604-1BACE0C00EB5}"
EndProject
Project("{FAE04EC0-301F-11D3-BF4B-00C04F79EFBC}") = "PhotoHorizon.Domain", "src\PhotoHorizon.Domain\PhotoHorizon.Domain.csproj", "{4FEFEF2C-A65B-43EA-B6B0-37AA4C22F423}"
EndProject
Project("{2150E333-8FDC-42A3-9474-1A3956D46DE8}") = "Solution Items", "Solution Items", "{D4D47066-17B8-4B2D-AF87-A9DBBD6EFC3E}"
	ProjectSection(SolutionItems) = preProject
		.gitignore = .gitignore
		README.md = README.md
	EndProjectSection
EndProject
Global
	GlobalSection(SolutionConfigurationPlatforms) = preSolution
		Debug|Any CPU = Debug|Any CPU
		Release|Any CPU = Release|Any CPU
	EndGlobalSection
	GlobalSection(ProjectConfigurationPlatforms) = postSolution
		{FCD698F1-CBDA-4BF2-99EA-BC5B79052714}.Debug|Any CPU.ActiveCfg = Debug|Any CPU
		{FCD698F1-CBDA-4BF2-99EA-BC5B79052714}.Debug|Any CPU.Build.0 = Debug|Any CPU
		{FCD698F1-CBDA-4BF2-99EA-BC5B79052714}.Release|Any CPU.ActiveCfg = Release|Any CPU
		{FCD698F1-CBDA-4BF2-99EA-BC5B79052714}.Release|Any CPU.Build.0 = Release|Any CPU
		{24743635-DF55-45B0-A0D3-A514DD1E664A}.Debug|Any CPU.ActiveCfg = Debug|Any CPU
		{24743635-DF55-45B0-A0D3-A514DD1E664A}.Debug|Any CPU.Build.0 = Debug|Any CPU
		{24743635-DF55-45B0-A0D3-A514DD1E664A}.Release|Any CPU.ActiveCfg = Release|Any CPU
		{24743635-DF55-45B0-A0D3-A514DD1E664A}.Release|Any CPU.Build.0 = Release|Any CPU
		{CC89A888-2F4B-4F48-A604-1BACE0C00EB5}.Debug|Any CPU.ActiveCfg = Debug|Any CPU
		{CC89A888-2F4B-4F48-A604-1BACE0C00EB5}.Debug|Any CPU.Build.0 = Debug|Any CPU
		{CC89A888-2F4B-4F48-A604-1BACE0C00EB5}.Release|Any CPU.ActiveCfg = Release|Any CPU
		{CC89A888-2F4B-4F48-A604-1BACE0C00EB5}.Release|Any CPU.Build.0 = Release|Any CPU
		{4FEFEF2C-A65B-43EA-B6B0-37AA4C22F423}.Debug|Any CPU.ActiveCfg = Debug|Any CPU
		{4FEFEF2C-A65B-43EA-B6B0-37AA4C22F423}.Debug|Any CPU.Build.0 = Debug|Any CPU
		{4FEFEF2C-A65B-43EA-B6B0-37AA4C22F423}.Release|Any CPU.ActiveCfg = Release|Any CPU
		{4FEFEF2C-A65B-43EA-B6B0-37AA4C22F423}.Release|Any CPU.Build.0 = Release|Any CPU
	EndGlobalSection
EndGlobal
